
Microsoft Visual Studio Solution File, Format Version 12.00
# Visual Studio Version 17
VisualStudioVersion = 17.0.31912.275
MinimumVisualStudioVersion = 10.0.40219.1
Project("{FAE04EC0-301F-11D3-BF4B-00C04F79EFBC}") = "OMT-Api", "OMT-Api\OMT-Api.csproj", "{6012EF82-3245-460F-84D4-7227A0BAD99B}"
EndProject
Global
	GlobalSection(SolutionConfigurationPlatforms) = preSolution
		Debug|Any CPU = Debug|Any CPU
		Release|Any CPU = Release|Any CPU
	EndGlobalSection
	GlobalSection(ProjectConfigurationPlatforms) = postSolution
		{6012EF82-3245-460F-84D4-7227A0BAD99B}.Debug|Any CPU.ActiveCfg = Debug|Any CPU
		{6012EF82-3245-460F-84D4-7227A0BAD99B}.Debug|Any CPU.Build.0 = Debug|Any CPU
		{6012EF82-3245-460F-84D4-7227A0BAD99B}.Release|Any CPU.ActiveCfg = Release|Any CPU
		{6012EF82-3245-460F-84D4-7227A0BAD99B}.Release|Any CPU.Build.0 = Release|Any CPU
	EndGlobalSection
	GlobalSection(SolutionProperties) = preSolution
		HideSolutionNode = FALSE
	EndGlobalSection
	GlobalSection(ExtensibilityGlobals) = postSolution
		SolutionGuid = {668220D9-B786-4DCA-9AE5-3EEBD1ACD965}
	EndGlobalSection
EndGlobal
